// !$*UTF8*$!
{
	archiveVersion = 1;
	classes = {
	};
	objectVersion = 46;
	objects = {

/* Begin PBXBuildFile section */
		0402F66015BC92D90006E198 /* logo_epitech_blanc.png in Resources */ = {isa = PBXBuildFile; fileRef = 0402F65F15BC92D90006E198 /* logo_epitech_blanc.png */; };
		042DBDE115BC4A2E00738FDA /* README.md in Resources */ = {isa = PBXBuildFile; fileRef = 042DBDE015BC4A2E00738FDA /* README.md */; };
		04422E3315B583AA00711079 /* GeneralConditionsViewController.m in Sources */ = {isa = PBXBuildFile; fileRef = 04422E3215B583AA00711079 /* GeneralConditionsViewController.m */; };
		04422E3C15B58BFB00711079 /* MainStoryboard.storyboard in Resources */ = {isa = PBXBuildFile; fileRef = 04422E3B15B58BFB00711079 /* MainStoryboard.storyboard */; };
		04909EE615BD712B00D174C5 /* Phase1ViewController.m in Sources */ = {isa = PBXBuildFile; fileRef = 04909EE515BD712B00D174C5 /* Phase1ViewController.m */; };
		04D6F79215B460DA000F1A1F /* UIKit.framework in Frameworks */ = {isa = PBXBuildFile; fileRef = 04D6F79115B460DA000F1A1F /* UIKit.framework */; };
		04D6F79415B460DA000F1A1F /* Foundation.framework in Frameworks */ = {isa = PBXBuildFile; fileRef = 04D6F79315B460DA000F1A1F /* Foundation.framework */; };
		04D6F79615B460DA000F1A1F /* CoreGraphics.framework in Frameworks */ = {isa = PBXBuildFile; fileRef = 04D6F79515B460DA000F1A1F /* CoreGraphics.framework */; };
		04D6F79C15B460DA000F1A1F /* InfoPlist.strings in Resources */ = {isa = PBXBuildFile; fileRef = 04D6F79A15B460DA000F1A1F /* InfoPlist.strings */; };
		04D6F79E15B460DA000F1A1F /* main.m in Sources */ = {isa = PBXBuildFile; fileRef = 04D6F79D15B460DA000F1A1F /* main.m */; };
		04D6F7A215B460DA000F1A1F /* EnglishTestAppDelegate.m in Sources */ = {isa = PBXBuildFile; fileRef = 04D6F7A115B460DA000F1A1F /* EnglishTestAppDelegate.m */; };
		04D6F7A815B460DA000F1A1F /* EnglishTestViewController.m in Sources */ = {isa = PBXBuildFile; fileRef = 04D6F7A715B460DA000F1A1F /* EnglishTestViewController.m */; };
/* End PBXBuildFile section */

/* Begin PBXFileReference section */
		0402F65F15BC92D90006E198 /* logo_epitech_blanc.png */ = {isa = PBXFileReference; lastKnownFileType = image.png; name = logo_epitech_blanc.png; path = Assets/logo_epitech_blanc.png; sourceTree = "<group>"; };
		042DBDE015BC4A2E00738FDA /* README.md */ = {isa = PBXFileReference; fileEncoding = 4; lastKnownFileType = text; path = README.md; sourceTree = "<group>"; };
		04422E3115B583AA00711079 /* GeneralConditionsViewController.h */ = {isa = PBXFileReference; fileEncoding = 4; lastKnownFileType = sourcecode.c.h; path = GeneralConditionsViewController.h; sourceTree = "<group>"; };
		04422E3215B583AA00711079 /* GeneralConditionsViewController.m */ = {isa = PBXFileReference; fileEncoding = 4; lastKnownFileType = sourcecode.c.objc; path = GeneralConditionsViewController.m; sourceTree = "<group>"; };
		04422E3B15B58BFB00711079 /* MainStoryboard.storyboard */ = {isa = PBXFileReference; fileEncoding = 4; lastKnownFileType = file.storyboard; path = MainStoryboard.storyboard; sourceTree = "<group>"; };
		04909EE415BD712B00D174C5 /* Phase1ViewController.h */ = {isa = PBXFileReference; fileEncoding = 4; lastKnownFileType = sourcecode.c.h; path = Phase1ViewController.h; sourceTree = "<group>"; };
		04909EE515BD712B00D174C5 /* Phase1ViewController.m */ = {isa = PBXFileReference; fileEncoding = 4; lastKnownFileType = sourcecode.c.objc; path = Phase1ViewController.m; sourceTree = "<group>"; };
		04BDE4FE15B56F3F0075F0C5 /* CoreData.framework */ = {isa = PBXFileReference; lastKnownFileType = wrapper.framework; name = CoreData.framework; path = System/Library/Frameworks/CoreData.framework; sourceTree = SDKROOT; };
		04D6F78D15B460DA000F1A1F /* AnglaisTest1.app */ = {isa = PBXFileReference; explicitFileType = wrapper.application; includeInIndex = 0; path = AnglaisTest1.app; sourceTree = BUILT_PRODUCTS_DIR; };
		04D6F79115B460DA000F1A1F /* UIKit.framework */ = {isa = PBXFileReference; lastKnownFileType = wrapper.framework; name = UIKit.framework; path = System/Library/Frameworks/UIKit.framework; sourceTree = SDKROOT; };
		04D6F79315B460DA000F1A1F /* Foundation.framework */ = {isa = PBXFileReference; lastKnownFileType = wrapper.framework; name = Foundation.framework; path = System/Library/Frameworks/Foundation.framework; sourceTree = SDKROOT; };
		04D6F79515B460DA000F1A1F /* CoreGraphics.framework */ = {isa = PBXFileReference; lastKnownFileType = wrapper.framework; name = CoreGraphics.framework; path = System/Library/Frameworks/CoreGraphics.framework; sourceTree = SDKROOT; };
		04D6F79915B460DA000F1A1F /* AnglaisTest1-Info.plist */ = {isa = PBXFileReference; lastKnownFileType = text.plist.xml; path = "AnglaisTest1-Info.plist"; sourceTree = "<group>"; };
		04D6F79B15B460DA000F1A1F /* en */ = {isa = PBXFileReference; lastKnownFileType = text.plist.strings; name = en; path = en.lproj/InfoPlist.strings; sourceTree = "<group>"; };
		04D6F79D15B460DA000F1A1F /* main.m */ = {isa = PBXFileReference; lastKnownFileType = sourcecode.c.objc; path = main.m; sourceTree = "<group>"; };
		04D6F79F15B460DA000F1A1F /* AnglaisTest1-Prefix.pch */ = {isa = PBXFileReference; lastKnownFileType = sourcecode.c.h; path = "AnglaisTest1-Prefix.pch"; sourceTree = "<group>"; };
		04D6F7A015B460DA000F1A1F /* EnglishTestAppDelegate.h */ = {isa = PBXFileReference; lastKnownFileType = sourcecode.c.h; path = EnglishTestAppDelegate.h; sourceTree = "<group>"; };
		04D6F7A115B460DA000F1A1F /* EnglishTestAppDelegate.m */ = {isa = PBXFileReference; lastKnownFileType = sourcecode.c.objc; path = EnglishTestAppDelegate.m; sourceTree = "<group>"; };
		04D6F7A615B460DA000F1A1F /* EnglishTestViewController.h */ = {isa = PBXFileReference; lastKnownFileType = sourcecode.c.h; path = EnglishTestViewController.h; sourceTree = "<group>"; };
		04D6F7A715B460DA000F1A1F /* EnglishTestViewController.m */ = {isa = PBXFileReference; lastKnownFileType = sourcecode.c.objc; path = EnglishTestViewController.m; sourceTree = "<group>"; };
/* End PBXFileReference section */

/* Begin PBXFrameworksBuildPhase section */
		04D6F78A15B460DA000F1A1F /* Frameworks */ = {
			isa = PBXFrameworksBuildPhase;
			buildActionMask = 2147483647;
			files = (
				04D6F79215B460DA000F1A1F /* UIKit.framework in Frameworks */,
				04D6F79415B460DA000F1A1F /* Foundation.framework in Frameworks */,
				04D6F79615B460DA000F1A1F /* CoreGraphics.framework in Frameworks */,
			);
			runOnlyForDeploymentPostprocessing = 0;
		};
/* End PBXFrameworksBuildPhase section */

/* Begin PBXGroup section */
		049A566B15B5735400A1F6E9 /* Assets */ = {
			isa = PBXGroup;
			children = (
				0402F65F15BC92D90006E198 /* logo_epitech_blanc.png */,
			);
			name = Assets;
			sourceTree = "<group>";
		};
		04D6F78215B460DA000F1A1F = {
			isa = PBXGroup;
			children = (
				042DBDE015BC4A2E00738FDA /* README.md */,
				049A566B15B5735400A1F6E9 /* Assets */,
				04D6F79715B460DA000F1A1F /* AnglaisTest1 */,
				04D6F79015B460DA000F1A1F /* Frameworks */,
				04D6F78E15B460DA000F1A1F /* Products */,
			);
			sourceTree = "<group>";
		};
		04D6F78E15B460DA000F1A1F /* Products */ = {
			isa = PBXGroup;
			children = (
				04D6F78D15B460DA000F1A1F /* AnglaisTest1.app */,
			);
			name = Products;
			sourceTree = "<group>";
		};
		04D6F79015B460DA000F1A1F /* Frameworks */ = {
			isa = PBXGroup;
			children = (
				04BDE4FE15B56F3F0075F0C5 /* CoreData.framework */,
				04D6F79115B460DA000F1A1F /* UIKit.framework */,
				04D6F79315B460DA000F1A1F /* Foundation.framework */,
				04D6F79515B460DA000F1A1F /* CoreGraphics.framework */,
			);
			name = Frameworks;
			sourceTree = "<group>";
		};
		04D6F79715B460DA000F1A1F /* AnglaisTest1 */ = {
			isa = PBXGroup;
			children = (
				04D6F79815B460DA000F1A1F /* Supporting Files */,
				04422E3B15B58BFB00711079 /* MainStoryboard.storyboard */,
				04D6F7A015B460DA000F1A1F /* EnglishTestAppDelegate.h */,
				04D6F7A115B460DA000F1A1F /* EnglishTestAppDelegate.m */,
				04D6F7A615B460DA000F1A1F /* EnglishTestViewController.h */,
				04D6F7A715B460DA000F1A1F /* EnglishTestViewController.m */,
				04422E3115B583AA00711079 /* GeneralConditionsViewController.h */,
				04422E3215B583AA00711079 /* GeneralConditionsViewController.m */,
				04909EE415BD712B00D174C5 /* Phase1ViewController.h */,
				04909EE515BD712B00D174C5 /* Phase1ViewController.m */,
			);
			path = AnglaisTest1;
			sourceTree = "<group>";
		};
		04D6F79815B460DA000F1A1F /* Supporting Files */ = {
			isa = PBXGroup;
			children = (
				04D6F79915B460DA000F1A1F /* AnglaisTest1-Info.plist */,
				04D6F79A15B460DA000F1A1F /* InfoPlist.strings */,
				04D6F79D15B460DA000F1A1F /* main.m */,
				04D6F79F15B460DA000F1A1F /* AnglaisTest1-Prefix.pch */,
			);
			name = "Supporting Files";
			sourceTree = "<group>";
		};
/* End PBXGroup section */

/* Begin PBXNativeTarget section */
		04D6F78C15B460DA000F1A1F /* AnglaisTest1 */ = {
			isa = PBXNativeTarget;
			buildConfigurationList = 04D6F7AB15B460DA000F1A1F /* Build configuration list for PBXNativeTarget "AnglaisTest1" */;
			buildPhases = (
				04D6F78915B460DA000F1A1F /* Sources */,
				04D6F78A15B460DA000F1A1F /* Frameworks */,
				04D6F78B15B460DA000F1A1F /* Resources */,
			);
			buildRules = (
			);
			dependencies = (
			);
			name = AnglaisTest1;
			productName = AnglaisTest1;
			productReference = 04D6F78D15B460DA000F1A1F /* AnglaisTest1.app */;
			productType = "com.apple.product-type.application";
		};
/* End PBXNativeTarget section */

/* Begin PBXProject section */
		04D6F78415B460DA000F1A1F /* Project object */ = {
			isa = PBXProject;
			attributes = {
				CLASSPREFIX = EnglishTest;
				LastUpgradeCheck = 0430;
				ORGANIZATIONNAME = Epitech;
			};
			buildConfigurationList = 04D6F78715B460DA000F1A1F /* Build configuration list for PBXProject "AnglaisTest1" */;
			compatibilityVersion = "Xcode 3.2";
			developmentRegion = English;
			hasScannedForEncodings = 0;
			knownRegions = (
				en,
			);
			mainGroup = 04D6F78215B460DA000F1A1F;
			productRefGroup = 04D6F78E15B460DA000F1A1F /* Products */;
			projectDirPath = "";
			projectRoot = "";
			targets = (
				04D6F78C15B460DA000F1A1F /* AnglaisTest1 */,
			);
		};
/* End PBXProject section */

/* Begin PBXResourcesBuildPhase section */
		04D6F78B15B460DA000F1A1F /* Resources */ = {
			isa = PBXResourcesBuildPhase;
			buildActionMask = 2147483647;
			files = (
				04D6F79C15B460DA000F1A1F /* InfoPlist.strings in Resources */,
				04422E3C15B58BFB00711079 /* MainStoryboard.storyboard in Resources */,
				042DBDE115BC4A2E00738FDA /* README.md in Resources */,
				0402F66015BC92D90006E198 /* logo_epitech_blanc.png in Resources */,
			);
			runOnlyForDeploymentPostprocessing = 0;
		};
/* End PBXResourcesBuildPhase section */

/* Begin PBXSourcesBuildPhase section */
		04D6F78915B460DA000F1A1F /* Sources */ = {
			isa = PBXSourcesBuildPhase;
			buildActionMask = 2147483647;
			files = (
				04D6F79E15B460DA000F1A1F /* main.m in Sources */,
				04D6F7A215B460DA000F1A1F /* EnglishTestAppDelegate.m in Sources */,
				04D6F7A815B460DA000F1A1F /* EnglishTestViewController.m in Sources */,
				04422E3315B583AA00711079 /* GeneralConditionsViewController.m in Sources */,
				04909EE615BD712B00D174C5 /* Phase1ViewController.m in Sources */,
			);
			runOnlyForDeploymentPostprocessing = 0;
		};
/* End PBXSourcesBuildPhase section */

/* Begin PBXVariantGroup section */
		04D6F79A15B460DA000F1A1F /* InfoPlist.strings */ = {
			isa = PBXVariantGroup;
			children = (
				04D6F79B15B460DA000F1A1F /* en */,
			);
			name = InfoPlist.strings;
			sourceTree = "<group>";
		};
/* End PBXVariantGroup section */

/* Begin XCBuildConfiguration section */
		04D6F7A915B460DA000F1A1F /* Debug */ = {
			isa = XCBuildConfiguration;
			buildSettings = {
				ALWAYS_SEARCH_USER_PATHS = NO;
				ARCHS = "$(ARCHS_STANDARD_32_BIT)";
				CLANG_ENABLE_OBJC_ARC = YES;
				"CODE_SIGN_IDENTITY[sdk=iphoneos*]" = "iPhone Developer";
				COPY_PHASE_STRIP = NO;
				GCC_C_LANGUAGE_STANDARD = gnu99;
				GCC_DYNAMIC_NO_PIC = NO;
				GCC_OPTIMIZATION_LEVEL = 0;
				GCC_PREPROCESSOR_DEFINITIONS = (
					"DEBUG=1",
					"$(inherited)",
				);
				GCC_SYMBOLS_PRIVATE_EXTERN = NO;
				GCC_VERSION = com.apple.compilers.llvm.clang.1_0;
				GCC_WARN_ABOUT_RETURN_TYPE = YES;
				GCC_WARN_UNINITIALIZED_AUTOS = YES;
				GCC_WARN_UNUSED_VARIABLE = YES;
				IPHONEOS_DEPLOYMENT_TARGET = 5.1;
				SDKROOT = iphoneos;
				TARGETED_DEVICE_FAMILY = 2;
			};
			name = Debug;
		};
		04D6F7AA15B460DA000F1A1F /* Release */ = {
			isa = XCBuildConfiguration;
			buildSettings = {
				ALWAYS_SEARCH_USER_PATHS = NO;
				ARCHS = "$(ARCHS_STANDARD_32_BIT)";
				CLANG_ENABLE_OBJC_ARC = YES;
				"CODE_SIGN_IDENTITY[sdk=iphoneos*]" = "iPhone Developer";
				COPY_PHASE_STRIP = YES;
				GCC_C_LANGUAGE_STANDARD = gnu99;
				GCC_VERSION = com.apple.compilers.llvm.clang.1_0;
				GCC_WARN_ABOUT_RETURN_TYPE = YES;
				GCC_WARN_UNINITIALIZED_AUTOS = YES;
				GCC_WARN_UNUSED_VARIABLE = YES;
				IPHONEOS_DEPLOYMENT_TARGET = 5.1;
				OTHER_CFLAGS = "-DNS_BLOCK_ASSERTIONS=1";
				SDKROOT = iphoneos;
				TARGETED_DEVICE_FAMILY = 2;
				VALIDATE_PRODUCT = YES;
			};
			name = Release;
		};
		04D6F7AC15B460DA000F1A1F /* Debug */ = {
			isa = XCBuildConfiguration;
			buildSettings = {
				GCC_PRECOMPILE_PREFIX_HEADER = YES;
				GCC_PREFIX_HEADER = "AnglaisTest1/AnglaisTest1-Prefix.pch";
				INFOPLIST_FILE = "AnglaisTest1/AnglaisTest1-Info.plist";
				PRODUCT_NAME = "$(TARGET_NAME)";
				WRAPPER_EXTENSION = app;
			};
			name = Debug;
		};
		04D6F7AD15B460DA000F1A1F /* Release */ = {
			isa = XCBuildConfiguration;
			buildSettings = {
				GCC_PRECOMPILE_PREFIX_HEADER = YES;
				GCC_PREFIX_HEADER = "AnglaisTest1/AnglaisTest1-Prefix.pch";
				INFOPLIST_FILE = "AnglaisTest1/AnglaisTest1-Info.plist";
				PRODUCT_NAME = "$(TARGET_NAME)";
				WRAPPER_EXTENSION = app;
			};
			name = Release;
		};
/* End XCBuildConfiguration section */

/* Begin XCConfigurationList section */
		04D6F78715B460DA000F1A1F /* Build configuration list for PBXProject "AnglaisTest1" */ = {
			isa = XCConfigurationList;
			buildConfigurations = (
				04D6F7A915B460DA000F1A1F /* Debug */,
				04D6F7AA15B460DA000F1A1F /* Release */,
			);
			defaultConfigurationIsVisible = 0;
			defaultConfigurationName = Release;
		};
		04D6F7AB15B460DA000F1A1F /* Build configuration list for PBXNativeTarget "AnglaisTest1" */ = {
			isa = XCConfigurationList;
			buildConfigurations = (
				04D6F7AC15B460DA000F1A1F /* Debug */,
				04D6F7AD15B460DA000F1A1F /* Release */,
			);
			defaultConfigurationIsVisible = 0;
			defaultConfigurationName = Release;
		};
/* End XCConfigurationList section */
	};
	rootObject = 04D6F78415B460DA000F1A1F /* Project object */;
}
