// !$*UTF8*$!
{
	archiveVersion = 1;
	classes = {
	};
	objectVersion = 46;
	objects = {

/* Begin PBXBuildFile section */
		04422E3315B583AA00711079 /* GeneralConditionsViewController.m in Sources */ = {isa = PBXBuildFile; fileRef = 04422E3215B583AA00711079 /* GeneralConditionsViewController.m */; };
		04575C37161473B600B75435 /* ImageSoundViewController.m in Sources */ = {isa = PBXBuildFile; fileRef = 04575C36161473B600B75435 /* ImageSoundViewController.m */; };
		0479F33115C98D0900BE85AD /* MTDetailViewController.m in Sources */ = {isa = PBXBuildFile; fileRef = 0479F33015C98D0900BE85AD /* MTDetailViewController.m */; };
		0479F33415C98DE800BE85AD /* MainStoryboard.storyboard in Resources */ = {isa = PBXBuildFile; fileRef = 0479F33315C98DE800BE85AD /* MainStoryboard.storyboard */; };
		048F36AB15C18F6600FA41EC /* intro.mp3 in Resources */ = {isa = PBXBuildFile; fileRef = 048F367615C18F6600FA41EC /* intro.mp3 */; };
		048F36AC15C18F6600FA41EC /* s0q0.mp3 in Resources */ = {isa = PBXBuildFile; fileRef = 048F367715C18F6600FA41EC /* s0q0.mp3 */; };
		048F36AD15C18F6600FA41EC /* s0q1.mp3 in Resources */ = {isa = PBXBuildFile; fileRef = 048F367815C18F6600FA41EC /* s0q1.mp3 */; };
		048F36AE15C18F6600FA41EC /* s0q2.mp3 in Resources */ = {isa = PBXBuildFile; fileRef = 048F367915C18F6600FA41EC /* s0q2.mp3 */; };
		048F36AF15C18F6600FA41EC /* s0q3.mp3 in Resources */ = {isa = PBXBuildFile; fileRef = 048F367A15C18F6600FA41EC /* s0q3.mp3 */; };
		048F36B015C18F6600FA41EC /* s0q4.mp3 in Resources */ = {isa = PBXBuildFile; fileRef = 048F367B15C18F6600FA41EC /* s0q4.mp3 */; };
		048F36B115C18F6600FA41EC /* s0q5.mp3 in Resources */ = {isa = PBXBuildFile; fileRef = 048F367C15C18F6600FA41EC /* s0q5.mp3 */; };
		048F36B215C18F6600FA41EC /* s0q6.mp3 in Resources */ = {isa = PBXBuildFile; fileRef = 048F367D15C18F6600FA41EC /* s0q6.mp3 */; };
		048F36B315C18F6600FA41EC /* s0q7.mp3 in Resources */ = {isa = PBXBuildFile; fileRef = 048F367E15C18F6600FA41EC /* s0q7.mp3 */; };
		048F36B415C18F6600FA41EC /* s0q8.mp3 in Resources */ = {isa = PBXBuildFile; fileRef = 048F367F15C18F6600FA41EC /* s0q8.mp3 */; };
		048F36B515C18F6600FA41EC /* s0q9.mp3 in Resources */ = {isa = PBXBuildFile; fileRef = 048F368015C18F6600FA41EC /* s0q9.mp3 */; };
		048F36B615C18F6600FA41EC /* s1q0.mp3 in Resources */ = {isa = PBXBuildFile; fileRef = 048F368115C18F6600FA41EC /* s1q0.mp3 */; };
		048F36B715C18F6600FA41EC /* s1q1.mp3 in Resources */ = {isa = PBXBuildFile; fileRef = 048F368215C18F6600FA41EC /* s1q1.mp3 */; };
		048F36B815C18F6600FA41EC /* s1q2.mp3 in Resources */ = {isa = PBXBuildFile; fileRef = 048F368315C18F6600FA41EC /* s1q2.mp3 */; };
		048F36B915C18F6600FA41EC /* s1q3.mp3 in Resources */ = {isa = PBXBuildFile; fileRef = 048F368415C18F6600FA41EC /* s1q3.mp3 */; };
		048F36BA15C18F6600FA41EC /* s1q4.mp3 in Resources */ = {isa = PBXBuildFile; fileRef = 048F368515C18F6600FA41EC /* s1q4.mp3 */; };
		048F36BB15C18F6600FA41EC /* s1q5.mp3 in Resources */ = {isa = PBXBuildFile; fileRef = 048F368615C18F6600FA41EC /* s1q5.mp3 */; };
		048F36BC15C18F6600FA41EC /* s1q6.mp3 in Resources */ = {isa = PBXBuildFile; fileRef = 048F368715C18F6600FA41EC /* s1q6.mp3 */; };
		048F36BD15C18F6600FA41EC /* s1q7.mp3 in Resources */ = {isa = PBXBuildFile; fileRef = 048F368815C18F6600FA41EC /* s1q7.mp3 */; };
		048F36BE15C18F6600FA41EC /* s1q8.mp3 in Resources */ = {isa = PBXBuildFile; fileRef = 048F368915C18F6600FA41EC /* s1q8.mp3 */; };
		048F36BF15C18F6600FA41EC /* s1q9.mp3 in Resources */ = {isa = PBXBuildFile; fileRef = 048F368A15C18F6600FA41EC /* s1q9.mp3 */; };
		048F36C015C18F6600FA41EC /* s1q10.mp3 in Resources */ = {isa = PBXBuildFile; fileRef = 048F368B15C18F6600FA41EC /* s1q10.mp3 */; };
		048F36C115C18F6600FA41EC /* s1q11.mp3 in Resources */ = {isa = PBXBuildFile; fileRef = 048F368C15C18F6600FA41EC /* s1q11.mp3 */; };
		048F36C215C18F6600FA41EC /* s1q12.mp3 in Resources */ = {isa = PBXBuildFile; fileRef = 048F368D15C18F6600FA41EC /* s1q12.mp3 */; };
		048F36C315C18F6600FA41EC /* s1q13.mp3 in Resources */ = {isa = PBXBuildFile; fileRef = 048F368E15C18F6600FA41EC /* s1q13.mp3 */; };
		048F36C415C18F6600FA41EC /* s1q14.mp3 in Resources */ = {isa = PBXBuildFile; fileRef = 048F368F15C18F6600FA41EC /* s1q14.mp3 */; };
		048F36C515C18F6600FA41EC /* s2intro.mp3 in Resources */ = {isa = PBXBuildFile; fileRef = 048F369015C18F6600FA41EC /* s2intro.mp3 */; };
		048F36C615C18F6600FA41EC /* s2q0.mp3 in Resources */ = {isa = PBXBuildFile; fileRef = 048F369115C18F6600FA41EC /* s2q0.mp3 */; };
		048F36C715C18F6600FA41EC /* s2q1.mp3 in Resources */ = {isa = PBXBuildFile; fileRef = 048F369215C18F6600FA41EC /* s2q1.mp3 */; };
		048F36C815C18F6600FA41EC /* s2q2.mp3 in Resources */ = {isa = PBXBuildFile; fileRef = 048F369315C18F6600FA41EC /* s2q2.mp3 */; };
		048F36C915C18F6600FA41EC /* s2q3.mp3 in Resources */ = {isa = PBXBuildFile; fileRef = 048F369415C18F6600FA41EC /* s2q3.mp3 */; };
		048F36CA15C18F6600FA41EC /* s2q4.mp3 in Resources */ = {isa = PBXBuildFile; fileRef = 048F369515C18F6600FA41EC /* s2q4.mp3 */; };
		048F36CB15C18F6600FA41EC /* s2q5.mp3 in Resources */ = {isa = PBXBuildFile; fileRef = 048F369615C18F6600FA41EC /* s2q5.mp3 */; };
		048F36CC15C18F6600FA41EC /* s2q6.mp3 in Resources */ = {isa = PBXBuildFile; fileRef = 048F369715C18F6600FA41EC /* s2q6.mp3 */; };
		048F36CD15C18F6600FA41EC /* s2q7.mp3 in Resources */ = {isa = PBXBuildFile; fileRef = 048F369815C18F6600FA41EC /* s2q7.mp3 */; };
		048F36CE15C18F6600FA41EC /* s2q8.mp3 in Resources */ = {isa = PBXBuildFile; fileRef = 048F369915C18F6600FA41EC /* s2q8.mp3 */; };
		048F36CF15C18F6600FA41EC /* s2q9.mp3 in Resources */ = {isa = PBXBuildFile; fileRef = 048F369A15C18F6600FA41EC /* s2q9.mp3 */; };
		048F36D015C18F6600FA41EC /* s2q10.mp3 in Resources */ = {isa = PBXBuildFile; fileRef = 048F369B15C18F6600FA41EC /* s2q10.mp3 */; };
		048F36D115C18F6600FA41EC /* s2q11.mp3 in Resources */ = {isa = PBXBuildFile; fileRef = 048F369C15C18F6600FA41EC /* s2q11.mp3 */; };
		048F36D215C18F6600FA41EC /* s2q12.mp3 in Resources */ = {isa = PBXBuildFile; fileRef = 048F369D15C18F6600FA41EC /* s2q12.mp3 */; };
		048F36D315C18F6600FA41EC /* s2q13.mp3 in Resources */ = {isa = PBXBuildFile; fileRef = 048F369E15C18F6600FA41EC /* s2q13.mp3 */; };
		048F36D415C18F6600FA41EC /* s2q14.mp3 in Resources */ = {isa = PBXBuildFile; fileRef = 048F369F15C18F6600FA41EC /* s2q14.mp3 */; };
		048F36D615C18F6600FA41EC /* s3q0.mp3 in Resources */ = {isa = PBXBuildFile; fileRef = 048F36A115C18F6600FA41EC /* s3q0.mp3 */; };
		048F36D715C18F6600FA41EC /* s3q1.mp3 in Resources */ = {isa = PBXBuildFile; fileRef = 048F36A215C18F6600FA41EC /* s3q1.mp3 */; };
		048F36D815C18F6600FA41EC /* s3q2.mp3 in Resources */ = {isa = PBXBuildFile; fileRef = 048F36A315C18F6600FA41EC /* s3q2.mp3 */; };
		048F36D915C18F6600FA41EC /* s3q3.mp3 in Resources */ = {isa = PBXBuildFile; fileRef = 048F36A415C18F6600FA41EC /* s3q3.mp3 */; };
		048F36DA15C18F6600FA41EC /* s3q4.mp3 in Resources */ = {isa = PBXBuildFile; fileRef = 048F36A515C18F6600FA41EC /* s3q4.mp3 */; };
		048F36DB15C18F6600FA41EC /* s3q5.mp3 in Resources */ = {isa = PBXBuildFile; fileRef = 048F36A615C18F6600FA41EC /* s3q5.mp3 */; };
		048F36DC15C18F6600FA41EC /* s3q6.mp3 in Resources */ = {isa = PBXBuildFile; fileRef = 048F36A715C18F6600FA41EC /* s3q6.mp3 */; };
		048F36DD15C18F6600FA41EC /* s3q7.mp3 in Resources */ = {isa = PBXBuildFile; fileRef = 048F36A815C18F6600FA41EC /* s3q7.mp3 */; };
		048F36DE15C18F6600FA41EC /* s3q8.mp3 in Resources */ = {isa = PBXBuildFile; fileRef = 048F36A915C18F6600FA41EC /* s3q8.mp3 */; };
		048F36DF15C18F6600FA41EC /* s3q9.mp3 in Resources */ = {isa = PBXBuildFile; fileRef = 048F36AA15C18F6600FA41EC /* s3q9.mp3 */; };
		048F36ED15C18FAF00FA41EC /* logo_epitech_blanc.png in Resources */ = {isa = PBXBuildFile; fileRef = 048F36E215C18FAF00FA41EC /* logo_epitech_blanc.png */; };
		048F36EE15C18FAF00FA41EC /* s0q0.png in Resources */ = {isa = PBXBuildFile; fileRef = 048F36E315C18FAF00FA41EC /* s0q0.png */; };
		048F36EF15C18FAF00FA41EC /* s0q1.png in Resources */ = {isa = PBXBuildFile; fileRef = 048F36E415C18FAF00FA41EC /* s0q1.png */; };
		048F36F015C18FAF00FA41EC /* s0q2.png in Resources */ = {isa = PBXBuildFile; fileRef = 048F36E515C18FAF00FA41EC /* s0q2.png */; };
		048F36F115C18FAF00FA41EC /* s0q3.png in Resources */ = {isa = PBXBuildFile; fileRef = 048F36E615C18FAF00FA41EC /* s0q3.png */; };
		048F36F215C18FAF00FA41EC /* s0q4.png in Resources */ = {isa = PBXBuildFile; fileRef = 048F36E715C18FAF00FA41EC /* s0q4.png */; };
		048F36F315C18FAF00FA41EC /* s0q5.png in Resources */ = {isa = PBXBuildFile; fileRef = 048F36E815C18FAF00FA41EC /* s0q5.png */; };
		048F36F415C18FAF00FA41EC /* s0q6.png in Resources */ = {isa = PBXBuildFile; fileRef = 048F36E915C18FAF00FA41EC /* s0q6.png */; };
		048F36F515C18FAF00FA41EC /* s0q7.png in Resources */ = {isa = PBXBuildFile; fileRef = 048F36EA15C18FAF00FA41EC /* s0q7.png */; };
		048F36F615C18FAF00FA41EC /* s0q8.png in Resources */ = {isa = PBXBuildFile; fileRef = 048F36EB15C18FAF00FA41EC /* s0q8.png */; };
		048F36F715C18FAF00FA41EC /* s0q9.png in Resources */ = {isa = PBXBuildFile; fileRef = 048F36EC15C18FAF00FA41EC /* s0q9.png */; };
		048F36F915C196AB00FA41EC /* s2q15.mp3 in Resources */ = {isa = PBXBuildFile; fileRef = 048F36F815C196AB00FA41EC /* s2q15.mp3 */; };
		04909EE615BD712B00D174C5 /* QuestionsAnswersInfoViewController.m in Sources */ = {isa = PBXBuildFile; fileRef = 04909EE515BD712B00D174C5 /* QuestionsAnswersInfoViewController.m */; };
		0493F33115BDA7FC00A6CA86 /* ModifyToeicCell.m in Sources */ = {isa = PBXBuildFile; fileRef = 0493F33015BDA7FC00A6CA86 /* ModifyToeicCell.m */; };
		0493F33615BDB99000A6CA86 /* ResultsViewController.m in Sources */ = {isa = PBXBuildFile; fileRef = 0493F33515BDB99000A6CA86 /* ResultsViewController.m */; };
		0493F33915BDB9CE00A6CA86 /* ResultsCell.m in Sources */ = {isa = PBXBuildFile; fileRef = 0493F33815BDB9CE00A6CA86 /* ResultsCell.m */; };
		0493F33C15BDC27B00A6CA86 /* AdminUsersViewController.m in Sources */ = {isa = PBXBuildFile; fileRef = 0493F33B15BDC27B00A6CA86 /* AdminUsersViewController.m */; };
		0493F33F15BDC29100A6CA86 /* AdminUsersCell.m in Sources */ = {isa = PBXBuildFile; fileRef = 0493F33E15BDC29100A6CA86 /* AdminUsersCell.m */; };
		0493F34315BDD8F800A6CA86 /* users.plist in Resources */ = {isa = PBXBuildFile; fileRef = 0493F34215BDD8F800A6CA86 /* users.plist */; };
		049EC0641614F050000CF485 /* FinalQuestionsViewController.m in Sources */ = {isa = PBXBuildFile; fileRef = 049EC0631614F050000CF485 /* FinalQuestionsViewController.m */; };
		049EC0681615014A000CF485 /* ScoreViewController.m in Sources */ = {isa = PBXBuildFile; fileRef = 049EC0671615014A000CF485 /* ScoreViewController.m */; };
		049EC06A16150843000CF485 /* ipad1.jpg in Resources */ = {isa = PBXBuildFile; fileRef = 049EC06916150843000CF485 /* ipad1.jpg */; };
		049EC06C16150A4F000CF485 /* ipad2.png in Resources */ = {isa = PBXBuildFile; fileRef = 049EC06B16150A4F000CF485 /* ipad2.png */; };
		049EC06E16150B46000CF485 /* Default-Portrait@2x~ipad.png in Resources */ = {isa = PBXBuildFile; fileRef = 049EC06D16150B46000CF485 /* Default-Portrait@2x~ipad.png */; };
		049EC07016150B52000CF485 /* Default-Portrait~ipad.png in Resources */ = {isa = PBXBuildFile; fileRef = 049EC06F16150B52000CF485 /* Default-Portrait~ipad.png */; };
		04A7132615BD81A80017CC1C /* ModifyToeicViewController.m in Sources */ = {isa = PBXBuildFile; fileRef = 04A7132515BD81A80017CC1C /* ModifyToeicViewController.m */; };
		04D6F79215B460DA000F1A1F /* UIKit.framework in Frameworks */ = {isa = PBXBuildFile; fileRef = 04D6F79115B460DA000F1A1F /* UIKit.framework */; };
		04D6F79415B460DA000F1A1F /* Foundation.framework in Frameworks */ = {isa = PBXBuildFile; fileRef = 04D6F79315B460DA000F1A1F /* Foundation.framework */; };
		04D6F79615B460DA000F1A1F /* CoreGraphics.framework in Frameworks */ = {isa = PBXBuildFile; fileRef = 04D6F79515B460DA000F1A1F /* CoreGraphics.framework */; };
		04D6F79C15B460DA000F1A1F /* InfoPlist.strings in Resources */ = {isa = PBXBuildFile; fileRef = 04D6F79A15B460DA000F1A1F /* InfoPlist.strings */; };
		04D6F79E15B460DA000F1A1F /* main.m in Sources */ = {isa = PBXBuildFile; fileRef = 04D6F79D15B460DA000F1A1F /* main.m */; };
		04D6F7A215B460DA000F1A1F /* EnglishTestAppDelegate.m in Sources */ = {isa = PBXBuildFile; fileRef = 04D6F7A115B460DA000F1A1F /* EnglishTestAppDelegate.m */; };
		04D6F7A815B460DA000F1A1F /* EnglishTestViewController.m in Sources */ = {isa = PBXBuildFile; fileRef = 04D6F7A715B460DA000F1A1F /* EnglishTestViewController.m */; };
		04DF4D551614E83B0000DF9A /* EmptyQuestionViewController.m in Sources */ = {isa = PBXBuildFile; fileRef = 04DF4D541614E83B0000DF9A /* EmptyQuestionViewController.m */; };
		42196DA615C85A410004B1CE /* AVFoundation.framework in Frameworks */ = {isa = PBXBuildFile; fileRef = 42196DA515C85A410004B1CE /* AVFoundation.framework */; };
		42AF96ED15BEFD3A00587D05 /* questions_and_answers.plist in Resources */ = {isa = PBXBuildFile; fileRef = 42AF96EC15BEFD3A00587D05 /* questions_and_answers.plist */; };
		42AF96F015BF0D8000587D05 /* QuestionsAnswersViewController.m in Sources */ = {isa = PBXBuildFile; fileRef = 42AF96EF15BF0D8000587D05 /* QuestionsAnswersViewController.m */; };
/* End PBXBuildFile section */

/* Begin PBXFileReference section */
		042DBDE015BC4A2E00738FDA /* README.md */ = {isa = PBXFileReference; fileEncoding = 4; lastKnownFileType = text; path = README.md; sourceTree = "<group>"; };
		04422E3115B583AA00711079 /* GeneralConditionsViewController.h */ = {isa = PBXFileReference; fileEncoding = 4; lastKnownFileType = sourcecode.c.h; path = GeneralConditionsViewController.h; sourceTree = "<group>"; };
		04422E3215B583AA00711079 /* GeneralConditionsViewController.m */ = {isa = PBXFileReference; fileEncoding = 4; lastKnownFileType = sourcecode.c.objc; path = GeneralConditionsViewController.m; sourceTree = "<group>"; };
		04575C35161473B600B75435 /* ImageSoundViewController.h */ = {isa = PBXFileReference; fileEncoding = 4; lastKnownFileType = sourcecode.c.h; path = ImageSoundViewController.h; sourceTree = "<group>"; };
		04575C36161473B600B75435 /* ImageSoundViewController.m */ = {isa = PBXFileReference; fileEncoding = 4; lastKnownFileType = sourcecode.c.objc; path = ImageSoundViewController.m; sourceTree = "<group>"; };
		0479F32F15C98D0900BE85AD /* MTDetailViewController.h */ = {isa = PBXFileReference; fileEncoding = 4; lastKnownFileType = sourcecode.c.h; path = MTDetailViewController.h; sourceTree = "<group>"; };
		0479F33015C98D0900BE85AD /* MTDetailViewController.m */ = {isa = PBXFileReference; fileEncoding = 4; lastKnownFileType = sourcecode.c.objc; path = MTDetailViewController.m; sourceTree = "<group>"; };
		0479F33315C98DE800BE85AD /* MainStoryboard.storyboard */ = {isa = PBXFileReference; fileEncoding = 4; lastKnownFileType = file.storyboard; path = MainStoryboard.storyboard; sourceTree = "<group>"; };
		048F367615C18F6600FA41EC /* intro.mp3 */ = {isa = PBXFileReference; lastKnownFileType = audio.mp3; name = intro.mp3; path = Assets/Audio/intro.mp3; sourceTree = "<group>"; };
		048F367715C18F6600FA41EC /* s0q0.mp3 */ = {isa = PBXFileReference; lastKnownFileType = audio.mp3; name = s0q0.mp3; path = Assets/Audio/s0q0.mp3; sourceTree = "<group>"; };
		048F367815C18F6600FA41EC /* s0q1.mp3 */ = {isa = PBXFileReference; lastKnownFileType = audio.mp3; name = s0q1.mp3; path = Assets/Audio/s0q1.mp3; sourceTree = "<group>"; };
		048F367915C18F6600FA41EC /* s0q2.mp3 */ = {isa = PBXFileReference; lastKnownFileType = audio.mp3; name = s0q2.mp3; path = Assets/Audio/s0q2.mp3; sourceTree = "<group>"; };
		048F367A15C18F6600FA41EC /* s0q3.mp3 */ = {isa = PBXFileReference; lastKnownFileType = audio.mp3; name = s0q3.mp3; path = Assets/Audio/s0q3.mp3; sourceTree = "<group>"; };
		048F367B15C18F6600FA41EC /* s0q4.mp3 */ = {isa = PBXFileReference; lastKnownFileType = audio.mp3; name = s0q4.mp3; path = Assets/Audio/s0q4.mp3; sourceTree = "<group>"; };
		048F367C15C18F6600FA41EC /* s0q5.mp3 */ = {isa = PBXFileReference; lastKnownFileType = audio.mp3; name = s0q5.mp3; path = Assets/Audio/s0q5.mp3; sourceTree = "<group>"; };
		048F367D15C18F6600FA41EC /* s0q6.mp3 */ = {isa = PBXFileReference; lastKnownFileType = audio.mp3; name = s0q6.mp3; path = Assets/Audio/s0q6.mp3; sourceTree = "<group>"; };
		048F367E15C18F6600FA41EC /* s0q7.mp3 */ = {isa = PBXFileReference; lastKnownFileType = audio.mp3; name = s0q7.mp3; path = Assets/Audio/s0q7.mp3; sourceTree = "<group>"; };
		048F367F15C18F6600FA41EC /* s0q8.mp3 */ = {isa = PBXFileReference; lastKnownFileType = audio.mp3; name = s0q8.mp3; path = Assets/Audio/s0q8.mp3; sourceTree = "<group>"; };
		048F368015C18F6600FA41EC /* s0q9.mp3 */ = {isa = PBXFileReference; lastKnownFileType = audio.mp3; name = s0q9.mp3; path = Assets/Audio/s0q9.mp3; sourceTree = "<group>"; };
		048F368115C18F6600FA41EC /* s1q0.mp3 */ = {isa = PBXFileReference; lastKnownFileType = audio.mp3; name = s1q0.mp3; path = Assets/Audio/s1q0.mp3; sourceTree = "<group>"; };
		048F368215C18F6600FA41EC /* s1q1.mp3 */ = {isa = PBXFileReference; lastKnownFileType = audio.mp3; name = s1q1.mp3; path = Assets/Audio/s1q1.mp3; sourceTree = "<group>"; };
		048F368315C18F6600FA41EC /* s1q2.mp3 */ = {isa = PBXFileReference; lastKnownFileType = audio.mp3; name = s1q2.mp3; path = Assets/Audio/s1q2.mp3; sourceTree = "<group>"; };
		048F368415C18F6600FA41EC /* s1q3.mp3 */ = {isa = PBXFileReference; lastKnownFileType = audio.mp3; name = s1q3.mp3; path = Assets/Audio/s1q3.mp3; sourceTree = "<group>"; };
		048F368515C18F6600FA41EC /* s1q4.mp3 */ = {isa = PBXFileReference; lastKnownFileType = audio.mp3; name = s1q4.mp3; path = Assets/Audio/s1q4.mp3; sourceTree = "<group>"; };
		048F368615C18F6600FA41EC /* s1q5.mp3 */ = {isa = PBXFileReference; lastKnownFileType = audio.mp3; name = s1q5.mp3; path = Assets/Audio/s1q5.mp3; sourceTree = "<group>"; };
		048F368715C18F6600FA41EC /* s1q6.mp3 */ = {isa = PBXFileReference; lastKnownFileType = audio.mp3; name = s1q6.mp3; path = Assets/Audio/s1q6.mp3; sourceTree = "<group>"; };
		048F368815C18F6600FA41EC /* s1q7.mp3 */ = {isa = PBXFileReference; lastKnownFileType = audio.mp3; name = s1q7.mp3; path = Assets/Audio/s1q7.mp3; sourceTree = "<group>"; };
		048F368915C18F6600FA41EC /* s1q8.mp3 */ = {isa = PBXFileReference; lastKnownFileType = audio.mp3; name = s1q8.mp3; path = Assets/Audio/s1q8.mp3; sourceTree = "<group>"; };
		048F368A15C18F6600FA41EC /* s1q9.mp3 */ = {isa = PBXFileReference; lastKnownFileType = audio.mp3; name = s1q9.mp3; path = Assets/Audio/s1q9.mp3; sourceTree = "<group>"; };
		048F368B15C18F6600FA41EC /* s1q10.mp3 */ = {isa = PBXFileReference; lastKnownFileType = audio.mp3; name = s1q10.mp3; path = Assets/Audio/s1q10.mp3; sourceTree = "<group>"; };
		048F368C15C18F6600FA41EC /* s1q11.mp3 */ = {isa = PBXFileReference; lastKnownFileType = audio.mp3; name = s1q11.mp3; path = Assets/Audio/s1q11.mp3; sourceTree = "<group>"; };
		048F368D15C18F6600FA41EC /* s1q12.mp3 */ = {isa = PBXFileReference; lastKnownFileType = audio.mp3; name = s1q12.mp3; path = Assets/Audio/s1q12.mp3; sourceTree = "<group>"; };
		048F368E15C18F6600FA41EC /* s1q13.mp3 */ = {isa = PBXFileReference; lastKnownFileType = audio.mp3; name = s1q13.mp3; path = Assets/Audio/s1q13.mp3; sourceTree = "<group>"; };
		048F368F15C18F6600FA41EC /* s1q14.mp3 */ = {isa = PBXFileReference; lastKnownFileType = audio.mp3; name = s1q14.mp3; path = Assets/Audio/s1q14.mp3; sourceTree = "<group>"; };
		048F369015C18F6600FA41EC /* s2intro.mp3 */ = {isa = PBXFileReference; lastKnownFileType = audio.mp3; name = s2intro.mp3; path = Assets/Audio/s2intro.mp3; sourceTree = "<group>"; };
		048F369115C18F6600FA41EC /* s2q0.mp3 */ = {isa = PBXFileReference; lastKnownFileType = audio.mp3; name = s2q0.mp3; path = Assets/Audio/s2q0.mp3; sourceTree = "<group>"; };
		048F369215C18F6600FA41EC /* s2q1.mp3 */ = {isa = PBXFileReference; lastKnownFileType = audio.mp3; name = s2q1.mp3; path = Assets/Audio/s2q1.mp3; sourceTree = "<group>"; };
		048F369315C18F6600FA41EC /* s2q2.mp3 */ = {isa = PBXFileReference; lastKnownFileType = audio.mp3; name = s2q2.mp3; path = Assets/Audio/s2q2.mp3; sourceTree = "<group>"; };
		048F369415C18F6600FA41EC /* s2q3.mp3 */ = {isa = PBXFileReference; lastKnownFileType = audio.mp3; name = s2q3.mp3; path = Assets/Audio/s2q3.mp3; sourceTree = "<group>"; };
		048F369515C18F6600FA41EC /* s2q4.mp3 */ = {isa = PBXFileReference; lastKnownFileType = audio.mp3; name = s2q4.mp3; path = Assets/Audio/s2q4.mp3; sourceTree = "<group>"; };
		048F369615C18F6600FA41EC /* s2q5.mp3 */ = {isa = PBXFileReference; lastKnownFileType = audio.mp3; name = s2q5.mp3; path = Assets/Audio/s2q5.mp3; sourceTree = "<group>"; };
		048F369715C18F6600FA41EC /* s2q6.mp3 */ = {isa = PBXFileReference; lastKnownFileType = audio.mp3; name = s2q6.mp3; path = Assets/Audio/s2q6.mp3; sourceTree = "<group>"; };
		048F369815C18F6600FA41EC /* s2q7.mp3 */ = {isa = PBXFileReference; lastKnownFileType = audio.mp3; name = s2q7.mp3; path = Assets/Audio/s2q7.mp3; sourceTree = "<group>"; };
		048F369915C18F6600FA41EC /* s2q8.mp3 */ = {isa = PBXFileReference; lastKnownFileType = audio.mp3; name = s2q8.mp3; path = Assets/Audio/s2q8.mp3; sourceTree = "<group>"; };
		048F369A15C18F6600FA41EC /* s2q9.mp3 */ = {isa = PBXFileReference; lastKnownFileType = audio.mp3; name = s2q9.mp3; path = Assets/Audio/s2q9.mp3; sourceTree = "<group>"; };
		048F369B15C18F6600FA41EC /* s2q10.mp3 */ = {isa = PBXFileReference; lastKnownFileType = audio.mp3; name = s2q10.mp3; path = Assets/Audio/s2q10.mp3; sourceTree = "<group>"; };
		048F369C15C18F6600FA41EC /* s2q11.mp3 */ = {isa = PBXFileReference; lastKnownFileType = audio.mp3; name = s2q11.mp3; path = Assets/Audio/s2q11.mp3; sourceTree = "<group>"; };
		048F369D15C18F6600FA41EC /* s2q12.mp3 */ = {isa = PBXFileReference; lastKnownFileType = audio.mp3; name = s2q12.mp3; path = Assets/Audio/s2q12.mp3; sourceTree = "<group>"; };
		048F369E15C18F6600FA41EC /* s2q13.mp3 */ = {isa = PBXFileReference; lastKnownFileType = audio.mp3; name = s2q13.mp3; path = Assets/Audio/s2q13.mp3; sourceTree = "<group>"; };
		048F369F15C18F6600FA41EC /* s2q14.mp3 */ = {isa = PBXFileReference; lastKnownFileType = audio.mp3; name = s2q14.mp3; path = Assets/Audio/s2q14.mp3; sourceTree = "<group>"; };
		048F36A115C18F6600FA41EC /* s3q0.mp3 */ = {isa = PBXFileReference; lastKnownFileType = audio.mp3; name = s3q0.mp3; path = Assets/Audio/s3q0.mp3; sourceTree = "<group>"; };
		048F36A215C18F6600FA41EC /* s3q1.mp3 */ = {isa = PBXFileReference; lastKnownFileType = audio.mp3; name = s3q1.mp3; path = Assets/Audio/s3q1.mp3; sourceTree = "<group>"; };
		048F36A315C18F6600FA41EC /* s3q2.mp3 */ = {isa = PBXFileReference; lastKnownFileType = audio.mp3; name = s3q2.mp3; path = Assets/Audio/s3q2.mp3; sourceTree = "<group>"; };
		048F36A415C18F6600FA41EC /* s3q3.mp3 */ = {isa = PBXFileReference; lastKnownFileType = audio.mp3; name = s3q3.mp3; path = Assets/Audio/s3q3.mp3; sourceTree = "<group>"; };
		048F36A515C18F6600FA41EC /* s3q4.mp3 */ = {isa = PBXFileReference; lastKnownFileType = audio.mp3; name = s3q4.mp3; path = Assets/Audio/s3q4.mp3; sourceTree = "<group>"; };
		048F36A615C18F6600FA41EC /* s3q5.mp3 */ = {isa = PBXFileReference; lastKnownFileType = audio.mp3; name = s3q5.mp3; path = Assets/Audio/s3q5.mp3; sourceTree = "<group>"; };
		048F36A715C18F6600FA41EC /* s3q6.mp3 */ = {isa = PBXFileReference; lastKnownFileType = audio.mp3; name = s3q6.mp3; path = Assets/Audio/s3q6.mp3; sourceTree = "<group>"; };
		048F36A815C18F6600FA41EC /* s3q7.mp3 */ = {isa = PBXFileReference; lastKnownFileType = audio.mp3; name = s3q7.mp3; path = Assets/Audio/s3q7.mp3; sourceTree = "<group>"; };
		048F36A915C18F6600FA41EC /* s3q8.mp3 */ = {isa = PBXFileReference; lastKnownFileType = audio.mp3; name = s3q8.mp3; path = Assets/Audio/s3q8.mp3; sourceTree = "<group>"; };
		048F36AA15C18F6600FA41EC /* s3q9.mp3 */ = {isa = PBXFileReference; lastKnownFileType = audio.mp3; name = s3q9.mp3; path = Assets/Audio/s3q9.mp3; sourceTree = "<group>"; };
		048F36E215C18FAF00FA41EC /* logo_epitech_blanc.png */ = {isa = PBXFileReference; lastKnownFileType = image.png; name = logo_epitech_blanc.png; path = Assets/Images/logo_epitech_blanc.png; sourceTree = "<group>"; };
		048F36E315C18FAF00FA41EC /* s0q0.png */ = {isa = PBXFileReference; lastKnownFileType = image.png; name = s0q0.png; path = Assets/Images/s0q0.png; sourceTree = "<group>"; };
		048F36E415C18FAF00FA41EC /* s0q1.png */ = {isa = PBXFileReference; lastKnownFileType = image.png; name = s0q1.png; path = Assets/Images/s0q1.png; sourceTree = "<group>"; };
		048F36E515C18FAF00FA41EC /* s0q2.png */ = {isa = PBXFileReference; lastKnownFileType = image.png; name = s0q2.png; path = Assets/Images/s0q2.png; sourceTree = "<group>"; };
		048F36E615C18FAF00FA41EC /* s0q3.png */ = {isa = PBXFileReference; lastKnownFileType = image.png; name = s0q3.png; path = Assets/Images/s0q3.png; sourceTree = "<group>"; };
		048F36E715C18FAF00FA41EC /* s0q4.png */ = {isa = PBXFileReference; lastKnownFileType = image.png; name = s0q4.png; path = Assets/Images/s0q4.png; sourceTree = "<group>"; };
		048F36E815C18FAF00FA41EC /* s0q5.png */ = {isa = PBXFileReference; lastKnownFileType = image.png; name = s0q5.png; path = Assets/Images/s0q5.png; sourceTree = "<group>"; };
		048F36E915C18FAF00FA41EC /* s0q6.png */ = {isa = PBXFileReference; lastKnownFileType = image.png; name = s0q6.png; path = Assets/Images/s0q6.png; sourceTree = "<group>"; };
		048F36EA15C18FAF00FA41EC /* s0q7.png */ = {isa = PBXFileReference; lastKnownFileType = image.png; name = s0q7.png; path = Assets/Images/s0q7.png; sourceTree = "<group>"; };
		048F36EB15C18FAF00FA41EC /* s0q8.png */ = {isa = PBXFileReference; lastKnownFileType = image.png; name = s0q8.png; path = Assets/Images/s0q8.png; sourceTree = "<group>"; };
		048F36EC15C18FAF00FA41EC /* s0q9.png */ = {isa = PBXFileReference; lastKnownFileType = image.png; name = s0q9.png; path = Assets/Images/s0q9.png; sourceTree = "<group>"; };
		048F36F815C196AB00FA41EC /* s2q15.mp3 */ = {isa = PBXFileReference; lastKnownFileType = audio.mp3; name = s2q15.mp3; path = Assets/Audio/s2q15.mp3; sourceTree = "<group>"; };
		04909EE415BD712B00D174C5 /* QuestionsAnswersInfoViewController.h */ = {isa = PBXFileReference; fileEncoding = 4; lastKnownFileType = sourcecode.c.h; path = QuestionsAnswersInfoViewController.h; sourceTree = "<group>"; };
		04909EE515BD712B00D174C5 /* QuestionsAnswersInfoViewController.m */ = {isa = PBXFileReference; fileEncoding = 4; lastKnownFileType = sourcecode.c.objc; path = QuestionsAnswersInfoViewController.m; sourceTree = "<group>"; };
		0493F32F15BDA7FC00A6CA86 /* ModifyToeicCell.h */ = {isa = PBXFileReference; fileEncoding = 4; lastKnownFileType = sourcecode.c.h; path = ModifyToeicCell.h; sourceTree = "<group>"; };
		0493F33015BDA7FC00A6CA86 /* ModifyToeicCell.m */ = {isa = PBXFileReference; fileEncoding = 4; lastKnownFileType = sourcecode.c.objc; path = ModifyToeicCell.m; sourceTree = "<group>"; };
		0493F33415BDB99000A6CA86 /* ResultsViewController.h */ = {isa = PBXFileReference; fileEncoding = 4; lastKnownFileType = sourcecode.c.h; path = ResultsViewController.h; sourceTree = "<group>"; };
		0493F33515BDB99000A6CA86 /* ResultsViewController.m */ = {isa = PBXFileReference; fileEncoding = 4; lastKnownFileType = sourcecode.c.objc; path = ResultsViewController.m; sourceTree = "<group>"; };
		0493F33715BDB9CE00A6CA86 /* ResultsCell.h */ = {isa = PBXFileReference; fileEncoding = 4; lastKnownFileType = sourcecode.c.h; path = ResultsCell.h; sourceTree = "<group>"; };
		0493F33815BDB9CE00A6CA86 /* ResultsCell.m */ = {isa = PBXFileReference; fileEncoding = 4; lastKnownFileType = sourcecode.c.objc; path = ResultsCell.m; sourceTree = "<group>"; };
		0493F33A15BDC27B00A6CA86 /* AdminUsersViewController.h */ = {isa = PBXFileReference; fileEncoding = 4; lastKnownFileType = sourcecode.c.h; path = AdminUsersViewController.h; sourceTree = "<group>"; };
		0493F33B15BDC27B00A6CA86 /* AdminUsersViewController.m */ = {isa = PBXFileReference; fileEncoding = 4; lastKnownFileType = sourcecode.c.objc; path = AdminUsersViewController.m; sourceTree = "<group>"; };
		0493F33D15BDC29100A6CA86 /* AdminUsersCell.h */ = {isa = PBXFileReference; fileEncoding = 4; lastKnownFileType = sourcecode.c.h; path = AdminUsersCell.h; sourceTree = "<group>"; };
		0493F33E15BDC29100A6CA86 /* AdminUsersCell.m */ = {isa = PBXFileReference; fileEncoding = 4; lastKnownFileType = sourcecode.c.objc; path = AdminUsersCell.m; sourceTree = "<group>"; };
		0493F34215BDD8F800A6CA86 /* users.plist */ = {isa = PBXFileReference; fileEncoding = 4; lastKnownFileType = text.plist.xml; path = users.plist; sourceTree = "<group>"; };
		049EC0621614F050000CF485 /* FinalQuestionsViewController.h */ = {isa = PBXFileReference; fileEncoding = 4; lastKnownFileType = sourcecode.c.h; path = FinalQuestionsViewController.h; sourceTree = "<group>"; };
		049EC0631614F050000CF485 /* FinalQuestionsViewController.m */ = {isa = PBXFileReference; fileEncoding = 4; lastKnownFileType = sourcecode.c.objc; path = FinalQuestionsViewController.m; sourceTree = "<group>"; };
		049EC06616150149000CF485 /* ScoreViewController.h */ = {isa = PBXFileReference; fileEncoding = 4; lastKnownFileType = sourcecode.c.h; path = ScoreViewController.h; sourceTree = "<group>"; };
		049EC0671615014A000CF485 /* ScoreViewController.m */ = {isa = PBXFileReference; fileEncoding = 4; lastKnownFileType = sourcecode.c.objc; path = ScoreViewController.m; sourceTree = "<group>"; };
		049EC06916150843000CF485 /* ipad1.jpg */ = {isa = PBXFileReference; lastKnownFileType = image.jpeg; name = ipad1.jpg; path = ../../Downloads/ipad1.jpg; sourceTree = "<group>"; };
		049EC06B16150A4F000CF485 /* ipad2.png */ = {isa = PBXFileReference; lastKnownFileType = image.png; name = ipad2.png; path = ../../Downloads/ipad2.png; sourceTree = "<group>"; };
		049EC06D16150B46000CF485 /* Default-Portrait@2x~ipad.png */ = {isa = PBXFileReference; lastKnownFileType = image.png; path = "Default-Portrait@2x~ipad.png"; sourceTree = "<group>"; };
		049EC06F16150B52000CF485 /* Default-Portrait~ipad.png */ = {isa = PBXFileReference; lastKnownFileType = image.png; path = "Default-Portrait~ipad.png"; sourceTree = "<group>"; };
		04A7132415BD81A80017CC1C /* ModifyToeicViewController.h */ = {isa = PBXFileReference; fileEncoding = 4; lastKnownFileType = sourcecode.c.h; path = ModifyToeicViewController.h; sourceTree = "<group>"; };
		04A7132515BD81A80017CC1C /* ModifyToeicViewController.m */ = {isa = PBXFileReference; fileEncoding = 4; lastKnownFileType = sourcecode.c.objc; path = ModifyToeicViewController.m; sourceTree = "<group>"; };
		04BDE4FE15B56F3F0075F0C5 /* CoreData.framework */ = {isa = PBXFileReference; lastKnownFileType = wrapper.framework; name = CoreData.framework; path = System/Library/Frameworks/CoreData.framework; sourceTree = SDKROOT; };
		04D6F78D15B460DA000F1A1F /* AnglaisTest1.app */ = {isa = PBXFileReference; explicitFileType = wrapper.application; includeInIndex = 0; path = AnglaisTest1.app; sourceTree = BUILT_PRODUCTS_DIR; };
		04D6F79115B460DA000F1A1F /* UIKit.framework */ = {isa = PBXFileReference; lastKnownFileType = wrapper.framework; name = UIKit.framework; path = System/Library/Frameworks/UIKit.framework; sourceTree = SDKROOT; };
		04D6F79315B460DA000F1A1F /* Foundation.framework */ = {isa = PBXFileReference; lastKnownFileType = wrapper.framework; name = Foundation.framework; path = System/Library/Frameworks/Foundation.framework; sourceTree = SDKROOT; };
		04D6F79515B460DA000F1A1F /* CoreGraphics.framework */ = {isa = PBXFileReference; lastKnownFileType = wrapper.framework; name = CoreGraphics.framework; path = System/Library/Frameworks/CoreGraphics.framework; sourceTree = SDKROOT; };
		04D6F79915B460DA000F1A1F /* AnglaisTest1-Info.plist */ = {isa = PBXFileReference; lastKnownFileType = text.plist.xml; path = "AnglaisTest1-Info.plist"; sourceTree = "<group>"; };
		04D6F79B15B460DA000F1A1F /* en */ = {isa = PBXFileReference; lastKnownFileType = text.plist.strings; name = en; path = en.lproj/InfoPlist.strings; sourceTree = "<group>"; };
		04D6F79D15B460DA000F1A1F /* main.m */ = {isa = PBXFileReference; lastKnownFileType = sourcecode.c.objc; path = main.m; sourceTree = "<group>"; };
		04D6F79F15B460DA000F1A1F /* AnglaisTest1-Prefix.pch */ = {isa = PBXFileReference; lastKnownFileType = sourcecode.c.h; path = "AnglaisTest1-Prefix.pch"; sourceTree = "<group>"; };
		04D6F7A015B460DA000F1A1F /* EnglishTestAppDelegate.h */ = {isa = PBXFileReference; lastKnownFileType = sourcecode.c.h; path = EnglishTestAppDelegate.h; sourceTree = "<group>"; };
		04D6F7A115B460DA000F1A1F /* EnglishTestAppDelegate.m */ = {isa = PBXFileReference; lastKnownFileType = sourcecode.c.objc; path = EnglishTestAppDelegate.m; sourceTree = "<group>"; };
		04D6F7A615B460DA000F1A1F /* EnglishTestViewController.h */ = {isa = PBXFileReference; lastKnownFileType = sourcecode.c.h; path = EnglishTestViewController.h; sourceTree = "<group>"; };
		04D6F7A715B460DA000F1A1F /* EnglishTestViewController.m */ = {isa = PBXFileReference; lastKnownFileType = sourcecode.c.objc; path = EnglishTestViewController.m; sourceTree = "<group>"; };
		04DF4D531614E83B0000DF9A /* EmptyQuestionViewController.h */ = {isa = PBXFileReference; fileEncoding = 4; lastKnownFileType = sourcecode.c.h; path = EmptyQuestionViewController.h; sourceTree = "<group>"; };
		04DF4D541614E83B0000DF9A /* EmptyQuestionViewController.m */ = {isa = PBXFileReference; fileEncoding = 4; lastKnownFileType = sourcecode.c.objc; path = EmptyQuestionViewController.m; sourceTree = "<group>"; };
		42196DA515C85A410004B1CE /* AVFoundation.framework */ = {isa = PBXFileReference; lastKnownFileType = wrapper.framework; name = AVFoundation.framework; path = System/Library/Frameworks/AVFoundation.framework; sourceTree = SDKROOT; };
		42AF96EC15BEFD3A00587D05 /* questions_and_answers.plist */ = {isa = PBXFileReference; fileEncoding = 4; lastKnownFileType = text.plist.xml; path = questions_and_answers.plist; sourceTree = "<group>"; };
		42AF96EE15BF0D8000587D05 /* QuestionsAnswersViewController.h */ = {isa = PBXFileReference; fileEncoding = 4; lastKnownFileType = sourcecode.c.h; path = QuestionsAnswersViewController.h; sourceTree = "<group>"; };
		42AF96EF15BF0D8000587D05 /* QuestionsAnswersViewController.m */ = {isa = PBXFileReference; fileEncoding = 4; lastKnownFileType = sourcecode.c.objc; path = QuestionsAnswersViewController.m; sourceTree = "<group>"; };
/* End PBXFileReference section */

/* Begin PBXFrameworksBuildPhase section */
		04D6F78A15B460DA000F1A1F /* Frameworks */ = {
			isa = PBXFrameworksBuildPhase;
			buildActionMask = 2147483647;
			files = (
				42196DA615C85A410004B1CE /* AVFoundation.framework in Frameworks */,
				04D6F79215B460DA000F1A1F /* UIKit.framework in Frameworks */,
				04D6F79415B460DA000F1A1F /* Foundation.framework in Frameworks */,
				04D6F79615B460DA000F1A1F /* CoreGraphics.framework in Frameworks */,
			);
			runOnlyForDeploymentPostprocessing = 0;
		};
/* End PBXFrameworksBuildPhase section */

/* Begin PBXGroup section */
		048F367415C18EA700FA41EC /* audio */ = {
			isa = PBXGroup;
			children = (
				048F367615C18F6600FA41EC /* intro.mp3 */,
				048F367715C18F6600FA41EC /* s0q0.mp3 */,
				048F367815C18F6600FA41EC /* s0q1.mp3 */,
				048F367915C18F6600FA41EC /* s0q2.mp3 */,
				048F367A15C18F6600FA41EC /* s0q3.mp3 */,
				048F367B15C18F6600FA41EC /* s0q4.mp3 */,
				048F367C15C18F6600FA41EC /* s0q5.mp3 */,
				048F367D15C18F6600FA41EC /* s0q6.mp3 */,
				048F367E15C18F6600FA41EC /* s0q7.mp3 */,
				048F367F15C18F6600FA41EC /* s0q8.mp3 */,
				048F368015C18F6600FA41EC /* s0q9.mp3 */,
				048F368115C18F6600FA41EC /* s1q0.mp3 */,
				048F368215C18F6600FA41EC /* s1q1.mp3 */,
				048F368315C18F6600FA41EC /* s1q2.mp3 */,
				048F368415C18F6600FA41EC /* s1q3.mp3 */,
				048F368515C18F6600FA41EC /* s1q4.mp3 */,
				048F368615C18F6600FA41EC /* s1q5.mp3 */,
				048F368715C18F6600FA41EC /* s1q6.mp3 */,
				048F368815C18F6600FA41EC /* s1q7.mp3 */,
				048F368915C18F6600FA41EC /* s1q8.mp3 */,
				048F368A15C18F6600FA41EC /* s1q9.mp3 */,
				048F368B15C18F6600FA41EC /* s1q10.mp3 */,
				048F368C15C18F6600FA41EC /* s1q11.mp3 */,
				048F368D15C18F6600FA41EC /* s1q12.mp3 */,
				048F368E15C18F6600FA41EC /* s1q13.mp3 */,
				048F368F15C18F6600FA41EC /* s1q14.mp3 */,
				048F369015C18F6600FA41EC /* s2intro.mp3 */,
				048F369115C18F6600FA41EC /* s2q0.mp3 */,
				048F369215C18F6600FA41EC /* s2q1.mp3 */,
				048F369315C18F6600FA41EC /* s2q2.mp3 */,
				048F369415C18F6600FA41EC /* s2q3.mp3 */,
				048F369515C18F6600FA41EC /* s2q4.mp3 */,
				048F369615C18F6600FA41EC /* s2q5.mp3 */,
				048F369715C18F6600FA41EC /* s2q6.mp3 */,
				048F369815C18F6600FA41EC /* s2q7.mp3 */,
				048F369915C18F6600FA41EC /* s2q8.mp3 */,
				048F369A15C18F6600FA41EC /* s2q9.mp3 */,
				048F369B15C18F6600FA41EC /* s2q10.mp3 */,
				048F369C15C18F6600FA41EC /* s2q11.mp3 */,
				048F369D15C18F6600FA41EC /* s2q12.mp3 */,
				048F369E15C18F6600FA41EC /* s2q13.mp3 */,
				048F369F15C18F6600FA41EC /* s2q14.mp3 */,
				048F36F815C196AB00FA41EC /* s2q15.mp3 */,
				048F36A115C18F6600FA41EC /* s3q0.mp3 */,
				048F36A215C18F6600FA41EC /* s3q1.mp3 */,
				048F36A315C18F6600FA41EC /* s3q2.mp3 */,
				048F36A415C18F6600FA41EC /* s3q3.mp3 */,
				048F36A515C18F6600FA41EC /* s3q4.mp3 */,
				048F36A615C18F6600FA41EC /* s3q5.mp3 */,
				048F36A715C18F6600FA41EC /* s3q6.mp3 */,
				048F36A815C18F6600FA41EC /* s3q7.mp3 */,
				048F36A915C18F6600FA41EC /* s3q8.mp3 */,
				048F36AA15C18F6600FA41EC /* s3q9.mp3 */,
			);
			name = audio;
			sourceTree = "<group>";
		};
		048F36E115C18FA600FA41EC /* image */ = {
			isa = PBXGroup;
			children = (
				048F36E215C18FAF00FA41EC /* logo_epitech_blanc.png */,
				048F36E315C18FAF00FA41EC /* s0q0.png */,
				048F36E415C18FAF00FA41EC /* s0q1.png */,
				048F36E515C18FAF00FA41EC /* s0q2.png */,
				048F36E615C18FAF00FA41EC /* s0q3.png */,
				048F36E715C18FAF00FA41EC /* s0q4.png */,
				048F36E815C18FAF00FA41EC /* s0q5.png */,
				048F36E915C18FAF00FA41EC /* s0q6.png */,
				048F36EA15C18FAF00FA41EC /* s0q7.png */,
				048F36EB15C18FAF00FA41EC /* s0q8.png */,
				048F36EC15C18FAF00FA41EC /* s0q9.png */,
			);
			name = image;
			sourceTree = "<group>";
		};
		049A566B15B5735400A1F6E9 /* Assets */ = {
			isa = PBXGroup;
			children = (
				049EC06B16150A4F000CF485 /* ipad2.png */,
				049EC06916150843000CF485 /* ipad1.jpg */,
				048F36E115C18FA600FA41EC /* image */,
				048F367415C18EA700FA41EC /* audio */,
				0493F34215BDD8F800A6CA86 /* users.plist */,
				42AF96EC15BEFD3A00587D05 /* questions_and_answers.plist */,
			);
			name = Assets;
			sourceTree = "<group>";
		};
		04A7132215BD81860017CC1C /* administration */ = {
			isa = PBXGroup;
			children = (
				04A7132415BD81A80017CC1C /* ModifyToeicViewController.h */,
				04A7132515BD81A80017CC1C /* ModifyToeicViewController.m */,
				0493F32F15BDA7FC00A6CA86 /* ModifyToeicCell.h */,
				0493F33015BDA7FC00A6CA86 /* ModifyToeicCell.m */,
				0493F33415BDB99000A6CA86 /* ResultsViewController.h */,
				0493F33515BDB99000A6CA86 /* ResultsViewController.m */,
				0493F33715BDB9CE00A6CA86 /* ResultsCell.h */,
				0493F33815BDB9CE00A6CA86 /* ResultsCell.m */,
				0493F33A15BDC27B00A6CA86 /* AdminUsersViewController.h */,
				0493F33B15BDC27B00A6CA86 /* AdminUsersViewController.m */,
				0493F33D15BDC29100A6CA86 /* AdminUsersCell.h */,
				0493F33E15BDC29100A6CA86 /* AdminUsersCell.m */,
				0479F32F15C98D0900BE85AD /* MTDetailViewController.h */,
				0479F33015C98D0900BE85AD /* MTDetailViewController.m */,
			);
			name = administration;
			sourceTree = "<group>";
		};
		04D6F78215B460DA000F1A1F = {
			isa = PBXGroup;
			children = (
				049EC06F16150B52000CF485 /* Default-Portrait~ipad.png */,
				049EC06D16150B46000CF485 /* Default-Portrait@2x~ipad.png */,
				042DBDE015BC4A2E00738FDA /* README.md */,
				049A566B15B5735400A1F6E9 /* Assets */,
				04D6F79715B460DA000F1A1F /* AnglaisTest1 */,
				04D6F79015B460DA000F1A1F /* Frameworks */,
				04D6F78E15B460DA000F1A1F /* Products */,
			);
			sourceTree = "<group>";
		};
		04D6F78E15B460DA000F1A1F /* Products */ = {
			isa = PBXGroup;
			children = (
				04D6F78D15B460DA000F1A1F /* AnglaisTest1.app */,
			);
			name = Products;
			sourceTree = "<group>";
		};
		04D6F79015B460DA000F1A1F /* Frameworks */ = {
			isa = PBXGroup;
			children = (
				42196DA515C85A410004B1CE /* AVFoundation.framework */,
				04BDE4FE15B56F3F0075F0C5 /* CoreData.framework */,
				04D6F79115B460DA000F1A1F /* UIKit.framework */,
				04D6F79315B460DA000F1A1F /* Foundation.framework */,
				04D6F79515B460DA000F1A1F /* CoreGraphics.framework */,
			);
			name = Frameworks;
			sourceTree = "<group>";
		};
		04D6F79715B460DA000F1A1F /* AnglaisTest1 */ = {
			isa = PBXGroup;
			children = (
				04A7132215BD81860017CC1C /* administration */,
				04D6F79815B460DA000F1A1F /* Supporting Files */,
				0479F33315C98DE800BE85AD /* MainStoryboard.storyboard */,
				04D6F7A015B460DA000F1A1F /* EnglishTestAppDelegate.h */,
				04D6F7A115B460DA000F1A1F /* EnglishTestAppDelegate.m */,
				04D6F7A615B460DA000F1A1F /* EnglishTestViewController.h */,
				04D6F7A715B460DA000F1A1F /* EnglishTestViewController.m */,
				04422E3115B583AA00711079 /* GeneralConditionsViewController.h */,
				04422E3215B583AA00711079 /* GeneralConditionsViewController.m */,
				04909EE415BD712B00D174C5 /* QuestionsAnswersInfoViewController.h */,
				04909EE515BD712B00D174C5 /* QuestionsAnswersInfoViewController.m */,
				04575C35161473B600B75435 /* ImageSoundViewController.h */,
				04575C36161473B600B75435 /* ImageSoundViewController.m */,
				42AF96EE15BF0D8000587D05 /* QuestionsAnswersViewController.h */,
				42AF96EF15BF0D8000587D05 /* QuestionsAnswersViewController.m */,
				04DF4D531614E83B0000DF9A /* EmptyQuestionViewController.h */,
				04DF4D541614E83B0000DF9A /* EmptyQuestionViewController.m */,
				049EC0621614F050000CF485 /* FinalQuestionsViewController.h */,
				049EC0631614F050000CF485 /* FinalQuestionsViewController.m */,
				049EC06616150149000CF485 /* ScoreViewController.h */,
				049EC0671615014A000CF485 /* ScoreViewController.m */,
			);
			path = AnglaisTest1;
			sourceTree = "<group>";
		};
		04D6F79815B460DA000F1A1F /* Supporting Files */ = {
			isa = PBXGroup;
			children = (
				04D6F79915B460DA000F1A1F /* AnglaisTest1-Info.plist */,
				04D6F79A15B460DA000F1A1F /* InfoPlist.strings */,
				04D6F79D15B460DA000F1A1F /* main.m */,
				04D6F79F15B460DA000F1A1F /* AnglaisTest1-Prefix.pch */,
			);
			name = "Supporting Files";
			sourceTree = "<group>";
		};
/* End PBXGroup section */

/* Begin PBXNativeTarget section */
		04D6F78C15B460DA000F1A1F /* AnglaisTest1 */ = {
			isa = PBXNativeTarget;
			buildConfigurationList = 04D6F7AB15B460DA000F1A1F /* Build configuration list for PBXNativeTarget "AnglaisTest1" */;
			buildPhases = (
				04D6F78915B460DA000F1A1F /* Sources */,
				04D6F78A15B460DA000F1A1F /* Frameworks */,
				04D6F78B15B460DA000F1A1F /* Resources */,
			);
			buildRules = (
			);
			dependencies = (
			);
			name = AnglaisTest1;
			productName = AnglaisTest1;
			productReference = 04D6F78D15B460DA000F1A1F /* AnglaisTest1.app */;
			productType = "com.apple.product-type.application";
		};
/* End PBXNativeTarget section */

/* Begin PBXProject section */
		04D6F78415B460DA000F1A1F /* Project object */ = {
			isa = PBXProject;
			attributes = {
				CLASSPREFIX = EnglishTest;
				LastUpgradeCheck = 0430;
				ORGANIZATIONNAME = Epitech;
			};
			buildConfigurationList = 04D6F78715B460DA000F1A1F /* Build configuration list for PBXProject "AnglaisTest1" */;
			compatibilityVersion = "Xcode 3.2";
			developmentRegion = English;
			hasScannedForEncodings = 0;
			knownRegions = (
				en,
			);
			mainGroup = 04D6F78215B460DA000F1A1F;
			productRefGroup = 04D6F78E15B460DA000F1A1F /* Products */;
			projectDirPath = "";
			projectRoot = "";
			targets = (
				04D6F78C15B460DA000F1A1F /* AnglaisTest1 */,
			);
		};
/* End PBXProject section */

/* Begin PBXResourcesBuildPhase section */
		04D6F78B15B460DA000F1A1F /* Resources */ = {
			isa = PBXResourcesBuildPhase;
			buildActionMask = 2147483647;
			files = (
				04D6F79C15B460DA000F1A1F /* InfoPlist.strings in Resources */,
				0493F34315BDD8F800A6CA86 /* users.plist in Resources */,
				42AF96ED15BEFD3A00587D05 /* questions_and_answers.plist in Resources */,
				048F36AB15C18F6600FA41EC /* intro.mp3 in Resources */,
				048F36AC15C18F6600FA41EC /* s0q0.mp3 in Resources */,
				048F36AD15C18F6600FA41EC /* s0q1.mp3 in Resources */,
				048F36AE15C18F6600FA41EC /* s0q2.mp3 in Resources */,
				048F36AF15C18F6600FA41EC /* s0q3.mp3 in Resources */,
				048F36B015C18F6600FA41EC /* s0q4.mp3 in Resources */,
				048F36B115C18F6600FA41EC /* s0q5.mp3 in Resources */,
				048F36B215C18F6600FA41EC /* s0q6.mp3 in Resources */,
				048F36B315C18F6600FA41EC /* s0q7.mp3 in Resources */,
				048F36B415C18F6600FA41EC /* s0q8.mp3 in Resources */,
				048F36B515C18F6600FA41EC /* s0q9.mp3 in Resources */,
				048F36B615C18F6600FA41EC /* s1q0.mp3 in Resources */,
				048F36B715C18F6600FA41EC /* s1q1.mp3 in Resources */,
				048F36B815C18F6600FA41EC /* s1q2.mp3 in Resources */,
				048F36B915C18F6600FA41EC /* s1q3.mp3 in Resources */,
				048F36BA15C18F6600FA41EC /* s1q4.mp3 in Resources */,
				048F36BB15C18F6600FA41EC /* s1q5.mp3 in Resources */,
				048F36BC15C18F6600FA41EC /* s1q6.mp3 in Resources */,
				048F36BD15C18F6600FA41EC /* s1q7.mp3 in Resources */,
				048F36BE15C18F6600FA41EC /* s1q8.mp3 in Resources */,
				048F36BF15C18F6600FA41EC /* s1q9.mp3 in Resources */,
				048F36C015C18F6600FA41EC /* s1q10.mp3 in Resources */,
				048F36C115C18F6600FA41EC /* s1q11.mp3 in Resources */,
				048F36C215C18F6600FA41EC /* s1q12.mp3 in Resources */,
				048F36C315C18F6600FA41EC /* s1q13.mp3 in Resources */,
				048F36C415C18F6600FA41EC /* s1q14.mp3 in Resources */,
				048F36C515C18F6600FA41EC /* s2intro.mp3 in Resources */,
				048F36C615C18F6600FA41EC /* s2q0.mp3 in Resources */,
				048F36C715C18F6600FA41EC /* s2q1.mp3 in Resources */,
				048F36C815C18F6600FA41EC /* s2q2.mp3 in Resources */,
				048F36C915C18F6600FA41EC /* s2q3.mp3 in Resources */,
				048F36CA15C18F6600FA41EC /* s2q4.mp3 in Resources */,
				048F36CB15C18F6600FA41EC /* s2q5.mp3 in Resources */,
				048F36CC15C18F6600FA41EC /* s2q6.mp3 in Resources */,
				048F36CD15C18F6600FA41EC /* s2q7.mp3 in Resources */,
				048F36CE15C18F6600FA41EC /* s2q8.mp3 in Resources */,
				048F36CF15C18F6600FA41EC /* s2q9.mp3 in Resources */,
				048F36D015C18F6600FA41EC /* s2q10.mp3 in Resources */,
				048F36D115C18F6600FA41EC /* s2q11.mp3 in Resources */,
				048F36D215C18F6600FA41EC /* s2q12.mp3 in Resources */,
				048F36D315C18F6600FA41EC /* s2q13.mp3 in Resources */,
				048F36D415C18F6600FA41EC /* s2q14.mp3 in Resources */,
				048F36D615C18F6600FA41EC /* s3q0.mp3 in Resources */,
				048F36D715C18F6600FA41EC /* s3q1.mp3 in Resources */,
				048F36D815C18F6600FA41EC /* s3q2.mp3 in Resources */,
				048F36D915C18F6600FA41EC /* s3q3.mp3 in Resources */,
				048F36DA15C18F6600FA41EC /* s3q4.mp3 in Resources */,
				048F36DB15C18F6600FA41EC /* s3q5.mp3 in Resources */,
				048F36DC15C18F6600FA41EC /* s3q6.mp3 in Resources */,
				048F36DD15C18F6600FA41EC /* s3q7.mp3 in Resources */,
				048F36DE15C18F6600FA41EC /* s3q8.mp3 in Resources */,
				048F36DF15C18F6600FA41EC /* s3q9.mp3 in Resources */,
				048F36ED15C18FAF00FA41EC /* logo_epitech_blanc.png in Resources */,
				048F36EE15C18FAF00FA41EC /* s0q0.png in Resources */,
				048F36EF15C18FAF00FA41EC /* s0q1.png in Resources */,
				048F36F015C18FAF00FA41EC /* s0q2.png in Resources */,
				048F36F115C18FAF00FA41EC /* s0q3.png in Resources */,
				048F36F215C18FAF00FA41EC /* s0q4.png in Resources */,
				048F36F315C18FAF00FA41EC /* s0q5.png in Resources */,
				048F36F415C18FAF00FA41EC /* s0q6.png in Resources */,
				048F36F515C18FAF00FA41EC /* s0q7.png in Resources */,
				048F36F615C18FAF00FA41EC /* s0q8.png in Resources */,
				048F36F715C18FAF00FA41EC /* s0q9.png in Resources */,
				048F36F915C196AB00FA41EC /* s2q15.mp3 in Resources */,
				0479F33415C98DE800BE85AD /* MainStoryboard.storyboard in Resources */,
				049EC06A16150843000CF485 /* ipad1.jpg in Resources */,
				049EC06C16150A4F000CF485 /* ipad2.png in Resources */,
				049EC06E16150B46000CF485 /* Default-Portrait@2x~ipad.png in Resources */,
				049EC07016150B52000CF485 /* Default-Portrait~ipad.png in Resources */,
			);
			runOnlyForDeploymentPostprocessing = 0;
		};
/* End PBXResourcesBuildPhase section */

/* Begin PBXSourcesBuildPhase section */
		04D6F78915B460DA000F1A1F /* Sources */ = {
			isa = PBXSourcesBuildPhase;
			buildActionMask = 2147483647;
			files = (
				04D6F79E15B460DA000F1A1F /* main.m in Sources */,
				04D6F7A215B460DA000F1A1F /* EnglishTestAppDelegate.m in Sources */,
				04D6F7A815B460DA000F1A1F /* EnglishTestViewController.m in Sources */,
				04422E3315B583AA00711079 /* GeneralConditionsViewController.m in Sources */,
				04909EE615BD712B00D174C5 /* QuestionsAnswersInfoViewController.m in Sources */,
				04A7132615BD81A80017CC1C /* ModifyToeicViewController.m in Sources */,
				0493F33115BDA7FC00A6CA86 /* ModifyToeicCell.m in Sources */,
				0493F33615BDB99000A6CA86 /* ResultsViewController.m in Sources */,
				0493F33915BDB9CE00A6CA86 /* ResultsCell.m in Sources */,
				0493F33C15BDC27B00A6CA86 /* AdminUsersViewController.m in Sources */,
				0493F33F15BDC29100A6CA86 /* AdminUsersCell.m in Sources */,
				42AF96F015BF0D8000587D05 /* QuestionsAnswersViewController.m in Sources */,
				0479F33115C98D0900BE85AD /* MTDetailViewController.m in Sources */,
				04575C37161473B600B75435 /* ImageSoundViewController.m in Sources */,
				04DF4D551614E83B0000DF9A /* EmptyQuestionViewController.m in Sources */,
				049EC0641614F050000CF485 /* FinalQuestionsViewController.m in Sources */,
				049EC0681615014A000CF485 /* ScoreViewController.m in Sources */,
			);
			runOnlyForDeploymentPostprocessing = 0;
		};
/* End PBXSourcesBuildPhase section */

/* Begin PBXVariantGroup section */
		04D6F79A15B460DA000F1A1F /* InfoPlist.strings */ = {
			isa = PBXVariantGroup;
			children = (
				04D6F79B15B460DA000F1A1F /* en */,
			);
			name = InfoPlist.strings;
			sourceTree = "<group>";
		};
/* End PBXVariantGroup section */

/* Begin XCBuildConfiguration section */
		04D6F7A915B460DA000F1A1F /* Debug */ = {
			isa = XCBuildConfiguration;
			buildSettings = {
				ALWAYS_SEARCH_USER_PATHS = NO;
				ARCHS = "$(ARCHS_STANDARD_32_BIT)";
				CLANG_ENABLE_OBJC_ARC = YES;
				CODE_SIGN_IDENTITY = "";
				"CODE_SIGN_IDENTITY[sdk=iphoneos*]" = "";
				COPY_PHASE_STRIP = NO;
				GCC_C_LANGUAGE_STANDARD = gnu99;
				GCC_DYNAMIC_NO_PIC = NO;
				GCC_OPTIMIZATION_LEVEL = 0;
				GCC_PREPROCESSOR_DEFINITIONS = (
					"DEBUG=1",
					"$(inherited)",
				);
				GCC_SYMBOLS_PRIVATE_EXTERN = NO;
				GCC_VERSION = com.apple.compilers.llvm.clang.1_0;
				GCC_WARN_ABOUT_RETURN_TYPE = YES;
				GCC_WARN_UNINITIALIZED_AUTOS = YES;
				GCC_WARN_UNUSED_VARIABLE = YES;
				IPHONEOS_DEPLOYMENT_TARGET = 5.1;
				SDKROOT = iphoneos;
				TARGETED_DEVICE_FAMILY = 2;
			};
			name = Debug;
		};
		04D6F7AA15B460DA000F1A1F /* Release */ = {
			isa = XCBuildConfiguration;
			buildSettings = {
				ALWAYS_SEARCH_USER_PATHS = NO;
				ARCHS = "$(ARCHS_STANDARD_32_BIT)";
				CLANG_ENABLE_OBJC_ARC = YES;
				CODE_SIGN_IDENTITY = "";
				"CODE_SIGN_IDENTITY[sdk=iphoneos*]" = "";
				COPY_PHASE_STRIP = YES;
				GCC_C_LANGUAGE_STANDARD = gnu99;
				GCC_VERSION = com.apple.compilers.llvm.clang.1_0;
				GCC_WARN_ABOUT_RETURN_TYPE = YES;
				GCC_WARN_UNINITIALIZED_AUTOS = YES;
				GCC_WARN_UNUSED_VARIABLE = YES;
				IPHONEOS_DEPLOYMENT_TARGET = 5.1;
				OTHER_CFLAGS = "-DNS_BLOCK_ASSERTIONS=1";
				SDKROOT = iphoneos;
				TARGETED_DEVICE_FAMILY = 2;
				VALIDATE_PRODUCT = YES;
			};
			name = Release;
		};
		04D6F7AC15B460DA000F1A1F /* Debug */ = {
			isa = XCBuildConfiguration;
			buildSettings = {
				GCC_PRECOMPILE_PREFIX_HEADER = YES;
				GCC_PREFIX_HEADER = "AnglaisTest1/AnglaisTest1-Prefix.pch";
				INFOPLIST_FILE = "AnglaisTest1/AnglaisTest1-Info.plist";
				IPHONEOS_DEPLOYMENT_TARGET = 5.1;
				PRODUCT_NAME = "$(TARGET_NAME)";
				TARGETED_DEVICE_FAMILY = 2;
				WRAPPER_EXTENSION = app;
			};
			name = Debug;
		};
		04D6F7AD15B460DA000F1A1F /* Release */ = {
			isa = XCBuildConfiguration;
			buildSettings = {
				GCC_PRECOMPILE_PREFIX_HEADER = YES;
				GCC_PREFIX_HEADER = "AnglaisTest1/AnglaisTest1-Prefix.pch";
				INFOPLIST_FILE = "AnglaisTest1/AnglaisTest1-Info.plist";
				IPHONEOS_DEPLOYMENT_TARGET = 5.1;
				PRODUCT_NAME = "$(TARGET_NAME)";
				TARGETED_DEVICE_FAMILY = 2;
				WRAPPER_EXTENSION = app;
			};
			name = Release;
		};
/* End XCBuildConfiguration section */

/* Begin XCConfigurationList section */
		04D6F78715B460DA000F1A1F /* Build configuration list for PBXProject "AnglaisTest1" */ = {
			isa = XCConfigurationList;
			buildConfigurations = (
				04D6F7A915B460DA000F1A1F /* Debug */,
				04D6F7AA15B460DA000F1A1F /* Release */,
			);
			defaultConfigurationIsVisible = 0;
			defaultConfigurationName = Release;
		};
		04D6F7AB15B460DA000F1A1F /* Build configuration list for PBXNativeTarget "AnglaisTest1" */ = {
			isa = XCConfigurationList;
			buildConfigurations = (
				04D6F7AC15B460DA000F1A1F /* Debug */,
				04D6F7AD15B460DA000F1A1F /* Release */,
			);
			defaultConfigurationIsVisible = 0;
			defaultConfigurationName = Release;
		};
/* End XCConfigurationList section */
	};
	rootObject = 04D6F78415B460DA000F1A1F /* Project object */;
}
